
Microsoft Visual Studio Solution File, Format Version 12.00
# Visual Studio Version 17
VisualStudioVersion = 17.6.33723.286
MinimumVisualStudioVersion = 10.0.40219.1
Project("{9A19103F-16F7-4668-BE54-9A1E7A4F7556}") = "ATM", "ATM\ATM.csproj", "{A86A134D-D29A-4EFD-8E02-F7F7F91545F8}"
EndProject
Project("{9A19103F-16F7-4668-BE54-9A1E7A4F7556}") = "Book", "Book\Book.csproj", "{EEC3C53C-7F03-4985-AC98-228968C6678F}"
EndProject
Project("{9A19103F-16F7-4668-BE54-9A1E7A4F7556}") = "Hangman", "hangman\Hangman.csproj", "{9480AC53-487B-4638-A916-FAB69D92FCA5}"
EndProject
Project("{9A19103F-16F7-4668-BE54-9A1E7A4F7556}") = "CalculatorFP", "CalculatorFP\CalculatorFP.csproj", "{2A601F36-F1D0-410B-B56F-8025DFF8005F}"
EndProject
Global
	GlobalSection(SolutionConfigurationPlatforms) = preSolution
		Debug|Any CPU = Debug|Any CPU
		Release|Any CPU = Release|Any CPU
	EndGlobalSection
	GlobalSection(ProjectConfigurationPlatforms) = postSolution
		{A86A134D-D29A-4EFD-8E02-F7F7F91545F8}.Debug|Any CPU.ActiveCfg = Debug|Any CPU
		{A86A134D-D29A-4EFD-8E02-F7F7F91545F8}.Debug|Any CPU.Build.0 = Debug|Any CPU
		{A86A134D-D29A-4EFD-8E02-F7F7F91545F8}.Release|Any CPU.ActiveCfg = Release|Any CPU
		{A86A134D-D29A-4EFD-8E02-F7F7F91545F8}.Release|Any CPU.Build.0 = Release|Any CPU
		{EEC3C53C-7F03-4985-AC98-228968C6678F}.Debug|Any CPU.ActiveCfg = Debug|Any CPU
		{EEC3C53C-7F03-4985-AC98-228968C6678F}.Debug|Any CPU.Build.0 = Debug|Any CPU
		{EEC3C53C-7F03-4985-AC98-228968C6678F}.Release|Any CPU.ActiveCfg = Release|Any CPU
		{EEC3C53C-7F03-4985-AC98-228968C6678F}.Release|Any CPU.Build.0 = Release|Any CPU
		{9480AC53-487B-4638-A916-FAB69D92FCA5}.Debug|Any CPU.ActiveCfg = Debug|Any CPU
		{9480AC53-487B-4638-A916-FAB69D92FCA5}.Debug|Any CPU.Build.0 = Debug|Any CPU
		{9480AC53-487B-4638-A916-FAB69D92FCA5}.Release|Any CPU.ActiveCfg = Release|Any CPU
		{9480AC53-487B-4638-A916-FAB69D92FCA5}.Release|Any CPU.Build.0 = Release|Any CPU
		{2A601F36-F1D0-410B-B56F-8025DFF8005F}.Debug|Any CPU.ActiveCfg = Debug|Any CPU
		{2A601F36-F1D0-410B-B56F-8025DFF8005F}.Debug|Any CPU.Build.0 = Debug|Any CPU
		{2A601F36-F1D0-410B-B56F-8025DFF8005F}.Release|Any CPU.ActiveCfg = Release|Any CPU
		{2A601F36-F1D0-410B-B56F-8025DFF8005F}.Release|Any CPU.Build.0 = Release|Any CPU
	EndGlobalSection
	GlobalSection(SolutionProperties) = preSolution
		HideSolutionNode = FALSE
	EndGlobalSection
	GlobalSection(ExtensibilityGlobals) = postSolution
		SolutionGuid = {1D563866-A2A5-479F-AD40-8C2E20B44BE7}
	EndGlobalSection
EndGlobal
